
Microsoft Visual Studio Solution File, Format Version 12.00
Project("{FAE04EC0-301F-11D3-BF4B-00C04F79EFBC}") = "WpfApp", "WpfApp\WpfApp.csproj", "{EF5FD75D-EF4B-4798-BE0F-3403908C8FA1}"
EndProject
Project("{FAE04EC0-301F-11D3-BF4B-00C04F79EFBC}") = "Models", "Models\Models.csproj", "{39998835-B1A9-4843-A760-BA8FD1F2E48F}"
EndProject
Project("{2150E333-8FDC-42A3-9474-1A3956D46DE8}") = "SolutionFolder", "SolutionFolder", "{D5B4F38C-B131-4E7C-9515-050C436A7530}"
	ProjectSection(SolutionItems) = preProject
		.gitignore = .gitignore
		README.md = README.md
	EndProjectSection
EndProject
Global
	GlobalSection(SolutionConfigurationPlatforms) = preSolution
		Debug|Any CPU = Debug|Any CPU
		Release|Any CPU = Release|Any CPU
	EndGlobalSection
	GlobalSection(ProjectConfigurationPlatforms) = postSolution
		{EF5FD75D-EF4B-4798-BE0F-3403908C8FA1}.Debug|Any CPU.ActiveCfg = Debug|Any CPU
		{EF5FD75D-EF4B-4798-BE0F-3403908C8FA1}.Debug|Any CPU.Build.0 = Debug|Any CPU
		{EF5FD75D-EF4B-4798-BE0F-3403908C8FA1}.Release|Any CPU.ActiveCfg = Release|Any CPU
		{EF5FD75D-EF4B-4798-BE0F-3403908C8FA1}.Release|Any CPU.Build.0 = Release|Any CPU
		{39998835-B1A9-4843-A760-BA8FD1F2E48F}.Debug|Any CPU.ActiveCfg = Debug|Any CPU
		{39998835-B1A9-4843-A760-BA8FD1F2E48F}.Debug|Any CPU.Build.0 = Debug|Any CPU
		{39998835-B1A9-4843-A760-BA8FD1F2E48F}.Release|Any CPU.ActiveCfg = Release|Any CPU
		{39998835-B1A9-4843-A760-BA8FD1F2E48F}.Release|Any CPU.Build.0 = Release|Any CPU
	EndGlobalSection
EndGlobal
